// !$*UTF8*$!
{
	archiveVersion = 1;
	classes = {
	};
	objectVersion = 48;
	objects = {

/* Begin PBXBuildFile section */
		11A734931FB63060005CCB4F /* CardTableViewController.swift in Sources */ = {isa = PBXBuildFile; fileRef = 11A734921FB63060005CCB4F /* CardTableViewController.swift */; };
		11A734951FB63080005CCB4F /* CardTableViewCell.swift in Sources */ = {isa = PBXBuildFile; fileRef = 11A734941FB63080005CCB4F /* CardTableViewCell.swift */; };
		11A8E0CC1FB56FA1008CAE56 /* AppDelegate.swift in Sources */ = {isa = PBXBuildFile; fileRef = 11A8E0CB1FB56FA1008CAE56 /* AppDelegate.swift */; };
		11A8E0D11FB56FA1008CAE56 /* Main.storyboard in Resources */ = {isa = PBXBuildFile; fileRef = 11A8E0CF1FB56FA1008CAE56 /* Main.storyboard */; };
		11A8E0D41FB56FA1008CAE56 /* CoreDataCard.xcdatamodeld in Sources */ = {isa = PBXBuildFile; fileRef = 11A8E0D21FB56FA1008CAE56 /* CoreDataCard.xcdatamodeld */; };
		11A8E0D61FB56FA1008CAE56 /* Assets.xcassets in Resources */ = {isa = PBXBuildFile; fileRef = 11A8E0D51FB56FA1008CAE56 /* Assets.xcassets */; };
		11A8E0D91FB56FA1008CAE56 /* LaunchScreen.storyboard in Resources */ = {isa = PBXBuildFile; fileRef = 11A8E0D71FB56FA1008CAE56 /* LaunchScreen.storyboard */; };
		11A8E0E31FB5716D008CAE56 /* Category.swift in Sources */ = {isa = PBXBuildFile; fileRef = 11A8E0E21FB5716D008CAE56 /* Category.swift */; };
		11A8E0E51FB57184008CAE56 /* Card.swift in Sources */ = {isa = PBXBuildFile; fileRef = 11A8E0E41FB57184008CAE56 /* Card.swift */; };
		11A8E0E71FB571B8008CAE56 /* CategoryTableViewController.swift in Sources */ = {isa = PBXBuildFile; fileRef = 11A8E0E61FB571B8008CAE56 /* CategoryTableViewController.swift */; };
		11A8E0E91FB571DB008CAE56 /* CategoryTableViewCell.swift in Sources */ = {isa = PBXBuildFile; fileRef = 11A8E0E81FB571DB008CAE56 /* CategoryTableViewCell.swift */; };
		11A8E0EB1FB57672008CAE56 /* AddViewController.swift in Sources */ = {isa = PBXBuildFile; fileRef = 11A8E0EA1FB57672008CAE56 /* AddViewController.swift */; };
/* End PBXBuildFile section */

/* Begin PBXFileReference section */
		11A734921FB63060005CCB4F /* CardTableViewController.swift */ = {isa = PBXFileReference; lastKnownFileType = sourcecode.swift; path = CardTableViewController.swift; sourceTree = "<group>"; };
		11A734941FB63080005CCB4F /* CardTableViewCell.swift */ = {isa = PBXFileReference; lastKnownFileType = sourcecode.swift; path = CardTableViewCell.swift; sourceTree = "<group>"; };
		11A8E0C81FB56FA1008CAE56 /* CoreDataCard.app */ = {isa = PBXFileReference; explicitFileType = wrapper.application; includeInIndex = 0; path = CoreDataCard.app; sourceTree = BUILT_PRODUCTS_DIR; };
		11A8E0CB1FB56FA1008CAE56 /* AppDelegate.swift */ = {isa = PBXFileReference; lastKnownFileType = sourcecode.swift; path = AppDelegate.swift; sourceTree = "<group>"; };
		11A8E0D01FB56FA1008CAE56 /* Base */ = {isa = PBXFileReference; lastKnownFileType = file.storyboard; name = Base; path = Base.lproj/Main.storyboard; sourceTree = "<group>"; };
		11A8E0D31FB56FA1008CAE56 /* CoreDataCard.xcdatamodel */ = {isa = PBXFileReference; lastKnownFileType = wrapper.xcdatamodel; path = CoreDataCard.xcdatamodel; sourceTree = "<group>"; };
		11A8E0D51FB56FA1008CAE56 /* Assets.xcassets */ = {isa = PBXFileReference; lastKnownFileType = folder.assetcatalog; path = Assets.xcassets; sourceTree = "<group>"; };
		11A8E0D81FB56FA1008CAE56 /* Base */ = {isa = PBXFileReference; lastKnownFileType = file.storyboard; name = Base; path = Base.lproj/LaunchScreen.storyboard; sourceTree = "<group>"; };
		11A8E0DA1FB56FA1008CAE56 /* Info.plist */ = {isa = PBXFileReference; lastKnownFileType = text.plist.xml; path = Info.plist; sourceTree = "<group>"; };
		11A8E0E21FB5716D008CAE56 /* Category.swift */ = {isa = PBXFileReference; lastKnownFileType = sourcecode.swift; path = Category.swift; sourceTree = "<group>"; };
		11A8E0E41FB57184008CAE56 /* Card.swift */ = {isa = PBXFileReference; lastKnownFileType = sourcecode.swift; path = Card.swift; sourceTree = "<group>"; };
		11A8E0E61FB571B8008CAE56 /* CategoryTableViewController.swift */ = {isa = PBXFileReference; lastKnownFileType = sourcecode.swift; path = CategoryTableViewController.swift; sourceTree = "<group>"; };
		11A8E0E81FB571DB008CAE56 /* CategoryTableViewCell.swift */ = {isa = PBXFileReference; lastKnownFileType = sourcecode.swift; path = CategoryTableViewCell.swift; sourceTree = "<group>"; };
		11A8E0EA1FB57672008CAE56 /* AddViewController.swift */ = {isa = PBXFileReference; lastKnownFileType = sourcecode.swift; path = AddViewController.swift; sourceTree = "<group>"; };
/* End PBXFileReference section */

/* Begin PBXFrameworksBuildPhase section */
		11A8E0C51FB56FA1008CAE56 /* Frameworks */ = {
			isa = PBXFrameworksBuildPhase;
			buildActionMask = 2147483647;
			files = (
			);
			runOnlyForDeploymentPostprocessing = 0;
		};
/* End PBXFrameworksBuildPhase section */

/* Begin PBXGroup section */
		11A734911FB63028005CCB4F /* CardScreen */ = {
			isa = PBXGroup;
			children = (
				11A734921FB63060005CCB4F /* CardTableViewController.swift */,
				11A734941FB63080005CCB4F /* CardTableViewCell.swift */,
			);
			path = CardScreen;
			sourceTree = "<group>";
		};
		11A8E0BF1FB56FA1008CAE56 = {
			isa = PBXGroup;
			children = (
				11A8E0CA1FB56FA1008CAE56 /* CoreDataCard */,
				11A8E0C91FB56FA1008CAE56 /* Products */,
			);
			sourceTree = "<group>";
		};
		11A8E0C91FB56FA1008CAE56 /* Products */ = {
			isa = PBXGroup;
			children = (
				11A8E0C81FB56FA1008CAE56 /* CoreDataCard.app */,
			);
			name = Products;
			sourceTree = "<group>";
		};
		11A8E0CA1FB56FA1008CAE56 /* CoreDataCard */ = {
			isa = PBXGroup;
			children = (
				11A734911FB63028005CCB4F /* CardScreen */,
				11A8E0E11FB5706E008CAE56 /* models */,
				11A8E0E01FB57053008CAE56 /* HomeScreen */,
				11A8E0CB1FB56FA1008CAE56 /* AppDelegate.swift */,
				11A8E0CF1FB56FA1008CAE56 /* Main.storyboard */,
				11A8E0D51FB56FA1008CAE56 /* Assets.xcassets */,
				11A8E0D71FB56FA1008CAE56 /* LaunchScreen.storyboard */,
				11A8E0DA1FB56FA1008CAE56 /* Info.plist */,
				11A8E0D21FB56FA1008CAE56 /* CoreDataCard.xcdatamodeld */,
				11A8E0EA1FB57672008CAE56 /* AddViewController.swift */,
			);
			path = CoreDataCard;
			sourceTree = "<group>";
		};
		11A8E0E01FB57053008CAE56 /* HomeScreen */ = {
			isa = PBXGroup;
			children = (
				11A8E0E61FB571B8008CAE56 /* CategoryTableViewController.swift */,
				11A8E0E81FB571DB008CAE56 /* CategoryTableViewCell.swift */,
			);
			path = HomeScreen;
			sourceTree = "<group>";
		};
		11A8E0E11FB5706E008CAE56 /* models */ = {
			isa = PBXGroup;
			children = (
				11A8E0E21FB5716D008CAE56 /* Category.swift */,
				11A8E0E41FB57184008CAE56 /* Card.swift */,
			);
			path = models;
			sourceTree = "<group>";
		};
/* End PBXGroup section */

/* Begin PBXNativeTarget section */
		11A8E0C71FB56FA1008CAE56 /* CoreDataCard */ = {
			isa = PBXNativeTarget;
			buildConfigurationList = 11A8E0DD1FB56FA1008CAE56 /* Build configuration list for PBXNativeTarget "CoreDataCard" */;
			buildPhases = (
				11A8E0C41FB56FA1008CAE56 /* Sources */,
				11A8E0C51FB56FA1008CAE56 /* Frameworks */,
				11A8E0C61FB56FA1008CAE56 /* Resources */,
			);
			buildRules = (
			);
			dependencies = (
			);
			name = CoreDataCard;
			productName = CoreDataCard;
			productReference = 11A8E0C81FB56FA1008CAE56 /* CoreDataCard.app */;
			productType = "com.apple.product-type.application";
		};
/* End PBXNativeTarget section */

/* Begin PBXProject section */
		11A8E0C01FB56FA1008CAE56 /* Project object */ = {
			isa = PBXProject;
			attributes = {
				LastSwiftUpdateCheck = 0910;
				LastUpgradeCheck = 0910;
				ORGANIZATIONNAME = bcit;
				TargetAttributes = {
					11A8E0C71FB56FA1008CAE56 = {
						CreatedOnToolsVersion = 9.1;
						ProvisioningStyle = Automatic;
					};
				};
			};
			buildConfigurationList = 11A8E0C31FB56FA1008CAE56 /* Build configuration list for PBXProject "CoreDataCard" */;
			compatibilityVersion = "Xcode 8.0";
			developmentRegion = en;
			hasScannedForEncodings = 0;
			knownRegions = (
				en,
				Base,
			);
			mainGroup = 11A8E0BF1FB56FA1008CAE56;
			productRefGroup = 11A8E0C91FB56FA1008CAE56 /* Products */;
			projectDirPath = "";
			projectRoot = "";
			targets = (
				11A8E0C71FB56FA1008CAE56 /* CoreDataCard */,
			);
		};
/* End PBXProject section */

/* Begin PBXResourcesBuildPhase section */
		11A8E0C61FB56FA1008CAE56 /* Resources */ = {
			isa = PBXResourcesBuildPhase;
			buildActionMask = 2147483647;
			files = (
				11A8E0D91FB56FA1008CAE56 /* LaunchScreen.storyboard in Resources */,
				11A8E0D61FB56FA1008CAE56 /* Assets.xcassets in Resources */,
				11A8E0D11FB56FA1008CAE56 /* Main.storyboard in Resources */,
			);
			runOnlyForDeploymentPostprocessing = 0;
		};
/* End PBXResourcesBuildPhase section */

/* Begin PBXSourcesBuildPhase section */
		11A8E0C41FB56FA1008CAE56 /* Sources */ = {
			isa = PBXSourcesBuildPhase;
			buildActionMask = 2147483647;
			files = (
				11A8E0D41FB56FA1008CAE56 /* CoreDataCard.xcdatamodeld in Sources */,
				11A734931FB63060005CCB4F /* CardTableViewController.swift in Sources */,
				11A8E0CC1FB56FA1008CAE56 /* AppDelegate.swift in Sources */,
				11A8E0EB1FB57672008CAE56 /* AddViewController.swift in Sources */,
				11A8E0E71FB571B8008CAE56 /* CategoryTableViewController.swift in Sources */,
				11A8E0E31FB5716D008CAE56 /* Category.swift in Sources */,
				11A8E0E51FB57184008CAE56 /* Card.swift in Sources */,
				11A734951FB63080005CCB4F /* CardTableViewCell.swift in Sources */,
				11A8E0E91FB571DB008CAE56 /* CategoryTableViewCell.swift in Sources */,
			);
			runOnlyForDeploymentPostprocessing = 0;
		};
/* End PBXSourcesBuildPhase section */

/* Begin PBXVariantGroup section */
		11A8E0CF1FB56FA1008CAE56 /* Main.storyboard */ = {
			isa = PBXVariantGroup;
			children = (
				11A8E0D01FB56FA1008CAE56 /* Base */,
			);
			name = Main.storyboard;
			sourceTree = "<group>";
		};
		11A8E0D71FB56FA1008CAE56 /* LaunchScreen.storyboard */ = {
			isa = PBXVariantGroup;
			children = (
				11A8E0D81FB56FA1008CAE56 /* Base */,
			);
			name = LaunchScreen.storyboard;
			sourceTree = "<group>";
		};
/* End PBXVariantGroup section */

/* Begin XCBuildConfiguration section */
		11A8E0DB1FB56FA1008CAE56 /* Debug */ = {
			isa = XCBuildConfiguration;
			buildSettings = {
				ALWAYS_SEARCH_USER_PATHS = NO;
				CLANG_ANALYZER_NONNULL = YES;
				CLANG_ANALYZER_NUMBER_OBJECT_CONVERSION = YES_AGGRESSIVE;
				CLANG_CXX_LANGUAGE_STANDARD = "gnu++14";
				CLANG_CXX_LIBRARY = "libc++";
				CLANG_ENABLE_MODULES = YES;
				CLANG_ENABLE_OBJC_ARC = YES;
				CLANG_WARN_BLOCK_CAPTURE_AUTORELEASING = YES;
				CLANG_WARN_BOOL_CONVERSION = YES;
				CLANG_WARN_COMMA = YES;
				CLANG_WARN_CONSTANT_CONVERSION = YES;
				CLANG_WARN_DIRECT_OBJC_ISA_USAGE = YES_ERROR;
				CLANG_WARN_DOCUMENTATION_COMMENTS = YES;
				CLANG_WARN_EMPTY_BODY = YES;
				CLANG_WARN_ENUM_CONVERSION = YES;
				CLANG_WARN_INFINITE_RECURSION = YES;
				CLANG_WARN_INT_CONVERSION = YES;
				CLANG_WARN_NON_LITERAL_NULL_CONVERSION = YES;
				CLANG_WARN_OBJC_LITERAL_CONVERSION = YES;
				CLANG_WARN_OBJC_ROOT_CLASS = YES_ERROR;
				CLANG_WARN_RANGE_LOOP_ANALYSIS = YES;
				CLANG_WARN_STRICT_PROTOTYPES = YES;
				CLANG_WARN_SUSPICIOUS_MOVE = YES;
				CLANG_WARN_UNGUARDED_AVAILABILITY = YES_AGGRESSIVE;
				CLANG_WARN_UNREACHABLE_CODE = YES;
				CLANG_WARN__DUPLICATE_METHOD_MATCH = YES;
				CODE_SIGN_IDENTITY = "iPhone Developer";
				COPY_PHASE_STRIP = NO;
				DEBUG_INFORMATION_FORMAT = dwarf;
				ENABLE_STRICT_OBJC_MSGSEND = YES;
				ENABLE_TESTABILITY = YES;
				GCC_C_LANGUAGE_STANDARD = gnu11;
				GCC_DYNAMIC_NO_PIC = NO;
				GCC_NO_COMMON_BLOCKS = YES;
				GCC_OPTIMIZATION_LEVEL = 0;
				GCC_PREPROCESSOR_DEFINITIONS = (
					"DEBUG=1",
					"$(inherited)",
				);
				GCC_WARN_64_TO_32_BIT_CONVERSION = YES;
				GCC_WARN_ABOUT_RETURN_TYPE = YES_ERROR;
				GCC_WARN_UNDECLARED_SELECTOR = YES;
				GCC_WARN_UNINITIALIZED_AUTOS = YES_AGGRESSIVE;
				GCC_WARN_UNUSED_FUNCTION = YES;
				GCC_WARN_UNUSED_VARIABLE = YES;
				IPHONEOS_DEPLOYMENT_TARGET = 11.1;
				MTL_ENABLE_DEBUG_INFO = YES;
				ONLY_ACTIVE_ARCH = YES;
				SDKROOT = iphoneos;
				SWIFT_ACTIVE_COMPILATION_CONDITIONS = DEBUG;
				SWIFT_OPTIMIZATION_LEVEL = "-Onone";
			};
			name = Debug;
		};
		11A8E0DC1FB56FA1008CAE56 /* Release */ = {
			isa = XCBuildConfiguration;
			buildSettings = {
				ALWAYS_SEARCH_USER_PATHS = NO;
				CLANG_ANALYZER_NONNULL = YES;
				CLANG_ANALYZER_NUMBER_OBJECT_CONVERSION = YES_AGGRESSIVE;
				CLANG_CXX_LANGUAGE_STANDARD = "gnu++14";
				CLANG_CXX_LIBRARY = "libc++";
				CLANG_ENABLE_MODULES = YES;
				CLANG_ENABLE_OBJC_ARC = YES;
				CLANG_WARN_BLOCK_CAPTURE_AUTORELEASING = YES;
				CLANG_WARN_BOOL_CONVERSION = YES;
				CLANG_WARN_COMMA = YES;
				CLANG_WARN_CONSTANT_CONVERSION = YES;
				CLANG_WARN_DIRECT_OBJC_ISA_USAGE = YES_ERROR;
				CLANG_WARN_DOCUMENTATION_COMMENTS = YES;
				CLANG_WARN_EMPTY_BODY = YES;
				CLANG_WARN_ENUM_CONVERSION = YES;
				CLANG_WARN_INFINITE_RECURSION = YES;
				CLANG_WARN_INT_CONVERSION = YES;
				CLANG_WARN_NON_LITERAL_NULL_CONVERSION = YES;
				CLANG_WARN_OBJC_LITERAL_CONVERSION = YES;
				CLANG_WARN_OBJC_ROOT_CLASS = YES_ERROR;
				CLANG_WARN_RANGE_LOOP_ANALYSIS = YES;
				CLANG_WARN_STRICT_PROTOTYPES = YES;
				CLANG_WARN_SUSPICIOUS_MOVE = YES;
				CLANG_WARN_UNGUARDED_AVAILABILITY = YES_AGGRESSIVE;
				CLANG_WARN_UNREACHABLE_CODE = YES;
				CLANG_WARN__DUPLICATE_METHOD_MATCH = YES;
				CODE_SIGN_IDENTITY = "iPhone Developer";
				COPY_PHASE_STRIP = NO;
				DEBUG_INFORMATION_FORMAT = "dwarf-with-dsym";
				ENABLE_NS_ASSERTIONS = NO;
				ENABLE_STRICT_OBJC_MSGSEND = YES;
				GCC_C_LANGUAGE_STANDARD = gnu11;
				GCC_NO_COMMON_BLOCKS = YES;
				GCC_WARN_64_TO_32_BIT_CONVERSION = YES;
				GCC_WARN_ABOUT_RETURN_TYPE = YES_ERROR;
				GCC_WARN_UNDECLARED_SELECTOR = YES;
				GCC_WARN_UNINITIALIZED_AUTOS = YES_AGGRESSIVE;
				GCC_WARN_UNUSED_FUNCTION = YES;
				GCC_WARN_UNUSED_VARIABLE = YES;
				IPHONEOS_DEPLOYMENT_TARGET = 11.1;
				MTL_ENABLE_DEBUG_INFO = NO;
				SDKROOT = iphoneos;
				SWIFT_OPTIMIZATION_LEVEL = "-Owholemodule";
				VALIDATE_PRODUCT = YES;
			};
			name = Release;
		};
		11A8E0DE1FB56FA1008CAE56 /* Debug */ = {
			isa = XCBuildConfiguration;
			buildSettings = {
				ASSETCATALOG_COMPILER_APPICON_NAME = AppIcon;
				CODE_SIGN_STYLE = Automatic;
				DEVELOPMENT_TEAM = E878DKBM82;
				INFOPLIST_FILE = CoreDataCard/Info.plist;
				IPHONEOS_DEPLOYMENT_TARGET = 10.3;
				LD_RUNPATH_SEARCH_PATHS = "$(inherited) @executable_path/Frameworks";
				PRODUCT_BUNDLE_IDENTIFIER = "-.CoreDataCard";
				PRODUCT_NAME = "$(TARGET_NAME)";
				SWIFT_VERSION = 4.0;
				TARGETED_DEVICE_FAMILY = "1,2";
			};
			name = Debug;
		};
		11A8E0DF1FB56FA1008CAE56 /* Release */ = {
			isa = XCBuildConfiguration;
			buildSettings = {
				ASSETCATALOG_COMPILER_APPICON_NAME = AppIcon;
				CODE_SIGN_STYLE = Automatic;
				DEVELOPMENT_TEAM = E878DKBM82;
				INFOPLIST_FILE = CoreDataCard/Info.plist;
				IPHONEOS_DEPLOYMENT_TARGET = 10.3;
				LD_RUNPATH_SEARCH_PATHS = "$(inherited) @executable_path/Frameworks";
				PRODUCT_BUNDLE_IDENTIFIER = "-.CoreDataCard";
				PRODUCT_NAME = "$(TARGET_NAME)";
				SWIFT_VERSION = 4.0;
				TARGETED_DEVICE_FAMILY = "1,2";
			};
			name = Release;
		};
/* End XCBuildConfiguration section */

/* Begin XCConfigurationList section */
		11A8E0C31FB56FA1008CAE56 /* Build configuration list for PBXProject "CoreDataCard" */ = {
			isa = XCConfigurationList;
			buildConfigurations = (
				11A8E0DB1FB56FA1008CAE56 /* Debug */,
				11A8E0DC1FB56FA1008CAE56 /* Release */,
			);
			defaultConfigurationIsVisible = 0;
			defaultConfigurationName = Release;
		};
		11A8E0DD1FB56FA1008CAE56 /* Build configuration list for PBXNativeTarget "CoreDataCard" */ = {
			isa = XCConfigurationList;
			buildConfigurations = (
				11A8E0DE1FB56FA1008CAE56 /* Debug */,
				11A8E0DF1FB56FA1008CAE56 /* Release */,
			);
			defaultConfigurationIsVisible = 0;
			defaultConfigurationName = Release;
		};
/* End XCConfigurationList section */

/* Begin XCVersionGroup section */
		11A8E0D21FB56FA1008CAE56 /* CoreDataCard.xcdatamodeld */ = {
			isa = XCVersionGroup;
			children = (
				11A8E0D31FB56FA1008CAE56 /* CoreDataCard.xcdatamodel */,
			);
			currentVersion = 11A8E0D31FB56FA1008CAE56 /* CoreDataCard.xcdatamodel */;
			path = CoreDataCard.xcdatamodeld;
			sourceTree = "<group>";
			versionGroupType = wrapper.xcdatamodel;
		};
/* End XCVersionGroup section */
	};
	rootObject = 11A8E0C01FB56FA1008CAE56 /* Project object */;
}
